
Microsoft Visual Studio Solution File, Format Version 12.00
# Visual Studio Version 16
VisualStudioVersion = 16.0.32413.511
MinimumVisualStudioVersion = 10.0.40219.1
Project("{FAE04EC0-301F-11D3-BF4B-00C04F79EFBC}") = "Palindrome Partitioning", "Palindrome Partitioning\Palindrome Partitioning.csproj", "{EF3451F3-1658-4763-89F7-312031C78D1C}"
EndProject
Global
	GlobalSection(SolutionConfigurationPlatforms) = preSolution
		Debug|Any CPU = Debug|Any CPU
		Release|Any CPU = Release|Any CPU
	EndGlobalSection
	GlobalSection(ProjectConfigurationPlatforms) = postSolution
		{EF3451F3-1658-4763-89F7-312031C78D1C}.Debug|Any CPU.ActiveCfg = Debug|Any CPU
		{EF3451F3-1658-4763-89F7-312031C78D1C}.Debug|Any CPU.Build.0 = Debug|Any CPU
		{EF3451F3-1658-4763-89F7-312031C78D1C}.Release|Any CPU.ActiveCfg = Release|Any CPU
		{EF3451F3-1658-4763-89F7-312031C78D1C}.Release|Any CPU.Build.0 = Release|Any CPU
	EndGlobalSection
	GlobalSection(SolutionProperties) = preSolution
		HideSolutionNode = FALSE
	EndGlobalSection
	GlobalSection(ExtensibilityGlobals) = postSolution
		SolutionGuid = {B50AFF78-4FE1-4B2B-983A-C5217CCE351A}
	EndGlobalSection
EndGlobal
